
Microsoft Visual Studio Solution File, Format Version 12.00
# Visual Studio Version 17
VisualStudioVersion = 17.2.32630.192
MinimumVisualStudioVersion = 10.0.40219.1
Project("{FAE04EC0-301F-11D3-BF4B-00C04F79EFBC}") = "Kingsoft.Easy.Test", "Kingsoft.Easy.Test\Kingsoft.Easy.Test.csproj", "{600CF8E1-30D2-49DC-8E90-94B3C630CFD9}"
EndProject
Project("{FAE04EC0-301F-11D3-BF4B-00C04F79EFBC}") = "Kingsoft.Easy", "Kingsoft.Easy\Kingsoft.Easy.csproj", "{BBCEFA9C-7C72-484A-BC61-1CBBC856F401}"
EndProject
Global
	GlobalSection(SolutionConfigurationPlatforms) = preSolution
		Debug|Any CPU = Debug|Any CPU
		Release|Any CPU = Release|Any CPU
	EndGlobalSection
	GlobalSection(ProjectConfigurationPlatforms) = postSolution
		{600CF8E1-30D2-49DC-8E90-94B3C630CFD9}.Debug|Any CPU.ActiveCfg = Debug|Any CPU
		{600CF8E1-30D2-49DC-8E90-94B3C630CFD9}.Debug|Any CPU.Build.0 = Debug|Any CPU
		{600CF8E1-30D2-49DC-8E90-94B3C630CFD9}.Release|Any CPU.ActiveCfg = Release|Any CPU
		{600CF8E1-30D2-49DC-8E90-94B3C630CFD9}.Release|Any CPU.Build.0 = Release|Any CPU
		{BBCEFA9C-7C72-484A-BC61-1CBBC856F401}.Debug|Any CPU.ActiveCfg = Debug|Any CPU
		{BBCEFA9C-7C72-484A-BC61-1CBBC856F401}.Debug|Any CPU.Build.0 = Debug|Any CPU
		{BBCEFA9C-7C72-484A-BC61-1CBBC856F401}.Release|Any CPU.ActiveCfg = Release|Any CPU
		{BBCEFA9C-7C72-484A-BC61-1CBBC856F401}.Release|Any CPU.Build.0 = Release|Any CPU
	EndGlobalSection
	GlobalSection(SolutionProperties) = preSolution
		HideSolutionNode = FALSE
	EndGlobalSection
	GlobalSection(ExtensibilityGlobals) = postSolution
		SolutionGuid = {A62FBC79-4731-4C63-A672-DF3005A22B78}
	EndGlobalSection
EndGlobal
